// !$*UTF8*$!
{
	archiveVersion = 1;
	classes = {
	};
	objectVersion = 48;
	objects = {

/* Begin PBXBuildFile section */
		632A762B201812AE001F610A /* AppDelegate.swift in Sources */ = {isa = PBXBuildFile; fileRef = 632A762A201812AE001F610A /* AppDelegate.swift */; };
		632A7631201812AE001F610A /* GameScene.swift in Sources */ = {isa = PBXBuildFile; fileRef = 632A7630201812AE001F610A /* GameScene.swift */; };
		632A7633201812AE001F610A /* GameViewController.swift in Sources */ = {isa = PBXBuildFile; fileRef = 632A7632201812AE001F610A /* GameViewController.swift */; };
		632A7636201812AE001F610A /* Main.storyboard in Resources */ = {isa = PBXBuildFile; fileRef = 632A7634201812AE001F610A /* Main.storyboard */; };
		632A7638201812AE001F610A /* Assets.xcassets in Resources */ = {isa = PBXBuildFile; fileRef = 632A7637201812AE001F610A /* Assets.xcassets */; };
		632A763B201812AE001F610A /* LaunchScreen.storyboard in Resources */ = {isa = PBXBuildFile; fileRef = 632A7639201812AE001F610A /* LaunchScreen.storyboard */; };
		632A7646201812AE001F610A /* SuperSpaceManTests.swift in Sources */ = {isa = PBXBuildFile; fileRef = 632A7645201812AE001F610A /* SuperSpaceManTests.swift */; };
		632A7651201812AE001F610A /* SuperSpaceManUITests.swift in Sources */ = {isa = PBXBuildFile; fileRef = 632A7650201812AE001F610A /* SuperSpaceManUITests.swift */; };
		632A76602018598D001F610A /* sprites.atlas in Resources */ = {isa = PBXBuildFile; fileRef = 632A765F2018598D001F610A /* sprites.atlas */; };
		634B3F7B201F03E20015C09E /* EngineExhaust.sks in Resources */ = {isa = PBXBuildFile; fileRef = 634B3F79201F03E20015C09E /* EngineExhaust.sks */; };
		634B3F7E20201C8D0015C09E /* orb_pop.wav in Resources */ = {isa = PBXBuildFile; fileRef = 634B3F7D20201C8D0015C09E /* orb_pop.wav */; };
		634B3F80202020540015C09E /* MenuScene.swift in Sources */ = {isa = PBXBuildFile; fileRef = 634B3F7F202020540015C09E /* MenuScene.swift */; };
		634B3F82202036F60015C09E /* SharedConstants.swift in Sources */ = {isa = PBXBuildFile; fileRef = 634B3F81202036F60015C09E /* SharedConstants.swift */; };
		634B3F84202037260015C09E /* SpaceMan.swift in Sources */ = {isa = PBXBuildFile; fileRef = 634B3F83202037260015C09E /* SpaceMan.swift */; };
		634B3F86202038E90015C09E /* Orb.swift in Sources */ = {isa = PBXBuildFile; fileRef = 634B3F85202038E90015C09E /* Orb.swift */; };
		634B3F88202039CE0015C09E /* BlackHole.swift in Sources */ = {isa = PBXBuildFile; fileRef = 634B3F87202039CE0015C09E /* BlackHole.swift */; };
		634B3F912020434D0015C09E /* blackholes.plist in Resources */ = {isa = PBXBuildFile; fileRef = 634B3F8F2020434D0015C09E /* blackholes.plist */; };
		634B3F922020434D0015C09E /* orbs.plist in Resources */ = {isa = PBXBuildFile; fileRef = 634B3F902020434D0015C09E /* orbs.plist */; };
		634B3F9D202053F90015C09E /* inBlackHole.sks in Resources */ = {isa = PBXBuildFile; fileRef = 634B3F9B202053F90015C09E /* inBlackHole.sks */; };
/* End PBXBuildFile section */

/* Begin PBXContainerItemProxy section */
		632A7642201812AE001F610A /* PBXContainerItemProxy */ = {
			isa = PBXContainerItemProxy;
			containerPortal = 632A761F201812AE001F610A /* Project object */;
			proxyType = 1;
			remoteGlobalIDString = 632A7626201812AE001F610A;
			remoteInfo = SuperSpaceMan;
		};
		632A764D201812AE001F610A /* PBXContainerItemProxy */ = {
			isa = PBXContainerItemProxy;
			containerPortal = 632A761F201812AE001F610A /* Project object */;
			proxyType = 1;
			remoteGlobalIDString = 632A7626201812AE001F610A;
			remoteInfo = SuperSpaceMan;
		};
/* End PBXContainerItemProxy section */

/* Begin PBXFileReference section */
		632A7627201812AE001F610A /* SuperSpaceMan.app */ = {isa = PBXFileReference; explicitFileType = wrapper.application; includeInIndex = 0; path = SuperSpaceMan.app; sourceTree = BUILT_PRODUCTS_DIR; };
		632A762A201812AE001F610A /* AppDelegate.swift */ = {isa = PBXFileReference; lastKnownFileType = sourcecode.swift; path = AppDelegate.swift; sourceTree = "<group>"; };
		632A7630201812AE001F610A /* GameScene.swift */ = {isa = PBXFileReference; lastKnownFileType = sourcecode.swift; path = GameScene.swift; sourceTree = "<group>"; };
		632A7632201812AE001F610A /* GameViewController.swift */ = {isa = PBXFileReference; lastKnownFileType = sourcecode.swift; path = GameViewController.swift; sourceTree = "<group>"; };
		632A7635201812AE001F610A /* Base */ = {isa = PBXFileReference; lastKnownFileType = file.storyboard; name = Base; path = Base.lproj/Main.storyboard; sourceTree = "<group>"; };
		632A7637201812AE001F610A /* Assets.xcassets */ = {isa = PBXFileReference; lastKnownFileType = folder.assetcatalog; path = Assets.xcassets; sourceTree = "<group>"; };
		632A763A201812AE001F610A /* Base */ = {isa = PBXFileReference; lastKnownFileType = file.storyboard; name = Base; path = Base.lproj/LaunchScreen.storyboard; sourceTree = "<group>"; };
		632A763C201812AE001F610A /* Info.plist */ = {isa = PBXFileReference; lastKnownFileType = text.plist.xml; path = Info.plist; sourceTree = "<group>"; };
		632A7641201812AE001F610A /* SuperSpaceManTests.xctest */ = {isa = PBXFileReference; explicitFileType = wrapper.cfbundle; includeInIndex = 0; path = SuperSpaceManTests.xctest; sourceTree = BUILT_PRODUCTS_DIR; };
		632A7645201812AE001F610A /* SuperSpaceManTests.swift */ = {isa = PBXFileReference; lastKnownFileType = sourcecode.swift; path = SuperSpaceManTests.swift; sourceTree = "<group>"; };
		632A7647201812AE001F610A /* Info.plist */ = {isa = PBXFileReference; lastKnownFileType = text.plist.xml; path = Info.plist; sourceTree = "<group>"; };
		632A764C201812AE001F610A /* SuperSpaceManUITests.xctest */ = {isa = PBXFileReference; explicitFileType = wrapper.cfbundle; includeInIndex = 0; path = SuperSpaceManUITests.xctest; sourceTree = BUILT_PRODUCTS_DIR; };
		632A7650201812AE001F610A /* SuperSpaceManUITests.swift */ = {isa = PBXFileReference; lastKnownFileType = sourcecode.swift; path = SuperSpaceManUITests.swift; sourceTree = "<group>"; };
		632A7652201812AE001F610A /* Info.plist */ = {isa = PBXFileReference; lastKnownFileType = text.plist.xml; path = Info.plist; sourceTree = "<group>"; };
		632A765F2018598D001F610A /* sprites.atlas */ = {isa = PBXFileReference; lastKnownFileType = folder.skatlas; path = sprites.atlas; sourceTree = "<group>"; };
		634B3F79201F03E20015C09E /* EngineExhaust.sks */ = {isa = PBXFileReference; lastKnownFileType = file.sks; path = EngineExhaust.sks; sourceTree = "<group>"; };
		634B3F7D20201C8D0015C09E /* orb_pop.wav */ = {isa = PBXFileReference; lastKnownFileType = audio.wav; path = orb_pop.wav; sourceTree = "<group>"; };
		634B3F7F202020540015C09E /* MenuScene.swift */ = {isa = PBXFileReference; lastKnownFileType = sourcecode.swift; path = MenuScene.swift; sourceTree = "<group>"; };
		634B3F81202036F60015C09E /* SharedConstants.swift */ = {isa = PBXFileReference; lastKnownFileType = sourcecode.swift; path = SharedConstants.swift; sourceTree = "<group>"; };
		634B3F83202037260015C09E /* SpaceMan.swift */ = {isa = PBXFileReference; lastKnownFileType = sourcecode.swift; path = SpaceMan.swift; sourceTree = "<group>"; };
		634B3F85202038E90015C09E /* Orb.swift */ = {isa = PBXFileReference; lastKnownFileType = sourcecode.swift; path = Orb.swift; sourceTree = "<group>"; };
		634B3F87202039CE0015C09E /* BlackHole.swift */ = {isa = PBXFileReference; lastKnownFileType = sourcecode.swift; path = BlackHole.swift; sourceTree = "<group>"; };
		634B3F8F2020434D0015C09E /* blackholes.plist */ = {isa = PBXFileReference; fileEncoding = 4; lastKnownFileType = text.plist.xml; path = blackholes.plist; sourceTree = "<group>"; };
		634B3F902020434D0015C09E /* orbs.plist */ = {isa = PBXFileReference; fileEncoding = 4; lastKnownFileType = text.plist.xml; path = orbs.plist; sourceTree = "<group>"; };
		634B3F9B202053F90015C09E /* inBlackHole.sks */ = {isa = PBXFileReference; lastKnownFileType = file.sks; path = inBlackHole.sks; sourceTree = "<group>"; };
/* End PBXFileReference section */

/* Begin PBXFrameworksBuildPhase section */
		632A7624201812AE001F610A /* Frameworks */ = {
			isa = PBXFrameworksBuildPhase;
			buildActionMask = 2147483647;
			files = (
			);
			runOnlyForDeploymentPostprocessing = 0;
		};
		632A763E201812AE001F610A /* Frameworks */ = {
			isa = PBXFrameworksBuildPhase;
			buildActionMask = 2147483647;
			files = (
			);
			runOnlyForDeploymentPostprocessing = 0;
		};
		632A7649201812AE001F610A /* Frameworks */ = {
			isa = PBXFrameworksBuildPhase;
			buildActionMask = 2147483647;
			files = (
			);
			runOnlyForDeploymentPostprocessing = 0;
		};
/* End PBXFrameworksBuildPhase section */

/* Begin PBXGroup section */
		632A761E201812AE001F610A = {
			isa = PBXGroup;
			children = (
				632A7629201812AE001F610A /* SuperSpaceMan */,
				632A7644201812AE001F610A /* SuperSpaceManTests */,
				632A764F201812AE001F610A /* SuperSpaceManUITests */,
				632A7628201812AE001F610A /* Products */,
			);
			sourceTree = "<group>";
		};
		632A7628201812AE001F610A /* Products */ = {
			isa = PBXGroup;
			children = (
				632A7627201812AE001F610A /* SuperSpaceMan.app */,
				632A7641201812AE001F610A /* SuperSpaceManTests.xctest */,
				632A764C201812AE001F610A /* SuperSpaceManUITests.xctest */,
			);
			name = Products;
			sourceTree = "<group>";
		};
		632A7629201812AE001F610A /* SuperSpaceMan */ = {
			isa = PBXGroup;
			children = (
				632A762A201812AE001F610A /* AppDelegate.swift */,
				632A7630201812AE001F610A /* GameScene.swift */,
				634B3F87202039CE0015C09E /* BlackHole.swift */,
				634B3F85202038E90015C09E /* Orb.swift */,
				634B3F81202036F60015C09E /* SharedConstants.swift */,
				634B3F83202037260015C09E /* SpaceMan.swift */,
				634B3F7F202020540015C09E /* MenuScene.swift */,
				632A7632201812AE001F610A /* GameViewController.swift */,
				634B3F9B202053F90015C09E /* inBlackHole.sks */,
				634B3F79201F03E20015C09E /* EngineExhaust.sks */,
				632A7634201812AE001F610A /* Main.storyboard */,
				632A7637201812AE001F610A /* Assets.xcassets */,
				632A7639201812AE001F610A /* LaunchScreen.storyboard */,
				632A763C201812AE001F610A /* Info.plist */,
				634B3F8F2020434D0015C09E /* blackholes.plist */,
				634B3F902020434D0015C09E /* orbs.plist */,
				634B3F7D20201C8D0015C09E /* orb_pop.wav */,
				632A765F2018598D001F610A /* sprites.atlas */,
			);
			path = SuperSpaceMan;
			sourceTree = "<group>";
		};
		632A7644201812AE001F610A /* SuperSpaceManTests */ = {
			isa = PBXGroup;
			children = (
				632A7645201812AE001F610A /* SuperSpaceManTests.swift */,
				632A7647201812AE001F610A /* Info.plist */,
			);
			path = SuperSpaceManTests;
			sourceTree = "<group>";
		};
		632A764F201812AE001F610A /* SuperSpaceManUITests */ = {
			isa = PBXGroup;
			children = (
				632A7650201812AE001F610A /* SuperSpaceManUITests.swift */,
				632A7652201812AE001F610A /* Info.plist */,
			);
			path = SuperSpaceManUITests;
			sourceTree = "<group>";
		};
/* End PBXGroup section */

/* Begin PBXNativeTarget section */
		632A7626201812AE001F610A /* SuperSpaceMan */ = {
			isa = PBXNativeTarget;
			buildConfigurationList = 632A7655201812AE001F610A /* Build configuration list for PBXNativeTarget "SuperSpaceMan" */;
			buildPhases = (
				632A7623201812AE001F610A /* Sources */,
				632A7624201812AE001F610A /* Frameworks */,
				632A7625201812AE001F610A /* Resources */,
			);
			buildRules = (
			);
			dependencies = (
			);
			name = SuperSpaceMan;
			productName = SuperSpaceMan;
			productReference = 632A7627201812AE001F610A /* SuperSpaceMan.app */;
			productType = "com.apple.product-type.application";
		};
		632A7640201812AE001F610A /* SuperSpaceManTests */ = {
			isa = PBXNativeTarget;
			buildConfigurationList = 632A7658201812AE001F610A /* Build configuration list for PBXNativeTarget "SuperSpaceManTests" */;
			buildPhases = (
				632A763D201812AE001F610A /* Sources */,
				632A763E201812AE001F610A /* Frameworks */,
				632A763F201812AE001F610A /* Resources */,
			);
			buildRules = (
			);
			dependencies = (
				632A7643201812AE001F610A /* PBXTargetDependency */,
			);
			name = SuperSpaceManTests;
			productName = SuperSpaceManTests;
			productReference = 632A7641201812AE001F610A /* SuperSpaceManTests.xctest */;
			productType = "com.apple.product-type.bundle.unit-test";
		};
		632A764B201812AE001F610A /* SuperSpaceManUITests */ = {
			isa = PBXNativeTarget;
			buildConfigurationList = 632A765B201812AE001F610A /* Build configuration list for PBXNativeTarget "SuperSpaceManUITests" */;
			buildPhases = (
				632A7648201812AE001F610A /* Sources */,
				632A7649201812AE001F610A /* Frameworks */,
				632A764A201812AE001F610A /* Resources */,
			);
			buildRules = (
			);
			dependencies = (
				632A764E201812AE001F610A /* PBXTargetDependency */,
			);
			name = SuperSpaceManUITests;
			productName = SuperSpaceManUITests;
			productReference = 632A764C201812AE001F610A /* SuperSpaceManUITests.xctest */;
			productType = "com.apple.product-type.bundle.ui-testing";
		};
/* End PBXNativeTarget section */

/* Begin PBXProject section */
		632A761F201812AE001F610A /* Project object */ = {
			isa = PBXProject;
			attributes = {
				LastSwiftUpdateCheck = 0920;
				LastUpgradeCheck = 0920;
				ORGANIZATIONNAME = p14822;
				TargetAttributes = {
					632A7626201812AE001F610A = {
						CreatedOnToolsVersion = 9.2;
						ProvisioningStyle = Automatic;
					};
					632A7640201812AE001F610A = {
						CreatedOnToolsVersion = 9.2;
						ProvisioningStyle = Automatic;
						TestTargetID = 632A7626201812AE001F610A;
					};
					632A764B201812AE001F610A = {
						CreatedOnToolsVersion = 9.2;
						ProvisioningStyle = Automatic;
						TestTargetID = 632A7626201812AE001F610A;
					};
				};
			};
			buildConfigurationList = 632A7622201812AE001F610A /* Build configuration list for PBXProject "SuperSpaceMan" */;
			compatibilityVersion = "Xcode 8.0";
			developmentRegion = en;
			hasScannedForEncodings = 0;
			knownRegions = (
				en,
				Base,
			);
			mainGroup = 632A761E201812AE001F610A;
			productRefGroup = 632A7628201812AE001F610A /* Products */;
			projectDirPath = "";
			projectRoot = "";
			targets = (
				632A7626201812AE001F610A /* SuperSpaceMan */,
				632A7640201812AE001F610A /* SuperSpaceManTests */,
				632A764B201812AE001F610A /* SuperSpaceManUITests */,
			);
		};
/* End PBXProject section */

/* Begin PBXResourcesBuildPhase section */
		632A7625201812AE001F610A /* Resources */ = {
			isa = PBXResourcesBuildPhase;
			buildActionMask = 2147483647;
			files = (
				634B3F912020434D0015C09E /* blackholes.plist in Resources */,
				632A7636201812AE001F610A /* Main.storyboard in Resources */,
				634B3F922020434D0015C09E /* orbs.plist in Resources */,
				632A7638201812AE001F610A /* Assets.xcassets in Resources */,
				634B3F7B201F03E20015C09E /* EngineExhaust.sks in Resources */,
				634B3F9D202053F90015C09E /* inBlackHole.sks in Resources */,
				632A76602018598D001F610A /* sprites.atlas in Resources */,
				634B3F7E20201C8D0015C09E /* orb_pop.wav in Resources */,
				632A763B201812AE001F610A /* LaunchScreen.storyboard in Resources */,
			);
			runOnlyForDeploymentPostprocessing = 0;
		};
		632A763F201812AE001F610A /* Resources */ = {
			isa = PBXResourcesBuildPhase;
			buildActionMask = 2147483647;
			files = (
			);
			runOnlyForDeploymentPostprocessing = 0;
		};
		632A764A201812AE001F610A /* Resources */ = {
			isa = PBXResourcesBuildPhase;
			buildActionMask = 2147483647;
			files = (
			);
			runOnlyForDeploymentPostprocessing = 0;
		};
/* End PBXResourcesBuildPhase section */

/* Begin PBXSourcesBuildPhase section */
		632A7623201812AE001F610A /* Sources */ = {
			isa = PBXSourcesBuildPhase;
			buildActionMask = 2147483647;
			files = (
				634B3F86202038E90015C09E /* Orb.swift in Sources */,
				632A7631201812AE001F610A /* GameScene.swift in Sources */,
				634B3F82202036F60015C09E /* SharedConstants.swift in Sources */,
				634B3F80202020540015C09E /* MenuScene.swift in Sources */,
				634B3F84202037260015C09E /* SpaceMan.swift in Sources */,
				632A7633201812AE001F610A /* GameViewController.swift in Sources */,
				632A762B201812AE001F610A /* AppDelegate.swift in Sources */,
				634B3F88202039CE0015C09E /* BlackHole.swift in Sources */,
			);
			runOnlyForDeploymentPostprocessing = 0;
		};
		632A763D201812AE001F610A /* Sources */ = {
			isa = PBXSourcesBuildPhase;
			buildActionMask = 2147483647;
			files = (
				632A7646201812AE001F610A /* SuperSpaceManTests.swift in Sources */,
			);
			runOnlyForDeploymentPostprocessing = 0;
		};
		632A7648201812AE001F610A /* Sources */ = {
			isa = PBXSourcesBuildPhase;
			buildActionMask = 2147483647;
			files = (
				632A7651201812AE001F610A /* SuperSpaceManUITests.swift in Sources */,
			);
			runOnlyForDeploymentPostprocessing = 0;
		};
/* End PBXSourcesBuildPhase section */

/* Begin PBXTargetDependency section */
		632A7643201812AE001F610A /* PBXTargetDependency */ = {
			isa = PBXTargetDependency;
			target = 632A7626201812AE001F610A /* SuperSpaceMan */;
			targetProxy = 632A7642201812AE001F610A /* PBXContainerItemProxy */;
		};
		632A764E201812AE001F610A /* PBXTargetDependency */ = {
			isa = PBXTargetDependency;
			target = 632A7626201812AE001F610A /* SuperSpaceMan */;
			targetProxy = 632A764D201812AE001F610A /* PBXContainerItemProxy */;
		};
/* End PBXTargetDependency section */

/* Begin PBXVariantGroup section */
		632A7634201812AE001F610A /* Main.storyboard */ = {
			isa = PBXVariantGroup;
			children = (
				632A7635201812AE001F610A /* Base */,
			);
			name = Main.storyboard;
			sourceTree = "<group>";
		};
		632A7639201812AE001F610A /* LaunchScreen.storyboard */ = {
			isa = PBXVariantGroup;
			children = (
				632A763A201812AE001F610A /* Base */,
			);
			name = LaunchScreen.storyboard;
			sourceTree = "<group>";
		};
/* End PBXVariantGroup section */

/* Begin XCBuildConfiguration section */
		632A7653201812AE001F610A /* Debug */ = {
			isa = XCBuildConfiguration;
			buildSettings = {
				ALWAYS_SEARCH_USER_PATHS = NO;
				CLANG_ANALYZER_NONNULL = YES;
				CLANG_ANALYZER_NUMBER_OBJECT_CONVERSION = YES_AGGRESSIVE;
				CLANG_CXX_LANGUAGE_STANDARD = "gnu++14";
				CLANG_CXX_LIBRARY = "libc++";
				CLANG_ENABLE_MODULES = YES;
				CLANG_ENABLE_OBJC_ARC = YES;
				CLANG_WARN_BLOCK_CAPTURE_AUTORELEASING = YES;
				CLANG_WARN_BOOL_CONVERSION = YES;
				CLANG_WARN_COMMA = YES;
				CLANG_WARN_CONSTANT_CONVERSION = YES;
				CLANG_WARN_DIRECT_OBJC_ISA_USAGE = YES_ERROR;
				CLANG_WARN_DOCUMENTATION_COMMENTS = YES;
				CLANG_WARN_EMPTY_BODY = YES;
				CLANG_WARN_ENUM_CONVERSION = YES;
				CLANG_WARN_INFINITE_RECURSION = YES;
				CLANG_WARN_INT_CONVERSION = YES;
				CLANG_WARN_NON_LITERAL_NULL_CONVERSION = YES;
				CLANG_WARN_OBJC_LITERAL_CONVERSION = YES;
				CLANG_WARN_OBJC_ROOT_CLASS = YES_ERROR;
				CLANG_WARN_RANGE_LOOP_ANALYSIS = YES;
				CLANG_WARN_STRICT_PROTOTYPES = YES;
				CLANG_WARN_SUSPICIOUS_MOVE = YES;
				CLANG_WARN_UNGUARDED_AVAILABILITY = YES_AGGRESSIVE;
				CLANG_WARN_UNREACHABLE_CODE = YES;
				CLANG_WARN__DUPLICATE_METHOD_MATCH = YES;
				CODE_SIGN_IDENTITY = "iPhone Developer";
				COPY_PHASE_STRIP = NO;
				DEBUG_INFORMATION_FORMAT = dwarf;
				ENABLE_STRICT_OBJC_MSGSEND = YES;
				ENABLE_TESTABILITY = YES;
				GCC_C_LANGUAGE_STANDARD = gnu11;
				GCC_DYNAMIC_NO_PIC = NO;
				GCC_NO_COMMON_BLOCKS = YES;
				GCC_OPTIMIZATION_LEVEL = 0;
				GCC_PREPROCESSOR_DEFINITIONS = (
					"DEBUG=1",
					"$(inherited)",
				);
				GCC_WARN_64_TO_32_BIT_CONVERSION = YES;
				GCC_WARN_ABOUT_RETURN_TYPE = YES_ERROR;
				GCC_WARN_UNDECLARED_SELECTOR = YES;
				GCC_WARN_UNINITIALIZED_AUTOS = YES_AGGRESSIVE;
				GCC_WARN_UNUSED_FUNCTION = YES;
				GCC_WARN_UNUSED_VARIABLE = YES;
				IPHONEOS_DEPLOYMENT_TARGET = 11.2;
				MTL_ENABLE_DEBUG_INFO = YES;
				ONLY_ACTIVE_ARCH = YES;
				SDKROOT = iphoneos;
				SWIFT_ACTIVE_COMPILATION_CONDITIONS = DEBUG;
				SWIFT_OPTIMIZATION_LEVEL = "-Onone";
			};
			name = Debug;
		};
		632A7654201812AE001F610A /* Release */ = {
			isa = XCBuildConfiguration;
			buildSettings = {
				ALWAYS_SEARCH_USER_PATHS = NO;
				CLANG_ANALYZER_NONNULL = YES;
				CLANG_ANALYZER_NUMBER_OBJECT_CONVERSION = YES_AGGRESSIVE;
				CLANG_CXX_LANGUAGE_STANDARD = "gnu++14";
				CLANG_CXX_LIBRARY = "libc++";
				CLANG_ENABLE_MODULES = YES;
				CLANG_ENABLE_OBJC_ARC = YES;
				CLANG_WARN_BLOCK_CAPTURE_AUTORELEASING = YES;
				CLANG_WARN_BOOL_CONVERSION = YES;
				CLANG_WARN_COMMA = YES;
				CLANG_WARN_CONSTANT_CONVERSION = YES;
				CLANG_WARN_DIRECT_OBJC_ISA_USAGE = YES_ERROR;
				CLANG_WARN_DOCUMENTATION_COMMENTS = YES;
				CLANG_WARN_EMPTY_BODY = YES;
				CLANG_WARN_ENUM_CONVERSION = YES;
				CLANG_WARN_INFINITE_RECURSION = YES;
				CLANG_WARN_INT_CONVERSION = YES;
				CLANG_WARN_NON_LITERAL_NULL_CONVERSION = YES;
				CLANG_WARN_OBJC_LITERAL_CONVERSION = YES;
				CLANG_WARN_OBJC_ROOT_CLASS = YES_ERROR;
				CLANG_WARN_RANGE_LOOP_ANALYSIS = YES;
				CLANG_WARN_STRICT_PROTOTYPES = YES;
				CLANG_WARN_SUSPICIOUS_MOVE = YES;
				CLANG_WARN_UNGUARDED_AVAILABILITY = YES_AGGRESSIVE;
				CLANG_WARN_UNREACHABLE_CODE = YES;
				CLANG_WARN__DUPLICATE_METHOD_MATCH = YES;
				CODE_SIGN_IDENTITY = "iPhone Developer";
				COPY_PHASE_STRIP = NO;
				DEBUG_INFORMATION_FORMAT = "dwarf-with-dsym";
				ENABLE_NS_ASSERTIONS = NO;
				ENABLE_STRICT_OBJC_MSGSEND = YES;
				GCC_C_LANGUAGE_STANDARD = gnu11;
				GCC_NO_COMMON_BLOCKS = YES;
				GCC_WARN_64_TO_32_BIT_CONVERSION = YES;
				GCC_WARN_ABOUT_RETURN_TYPE = YES_ERROR;
				GCC_WARN_UNDECLARED_SELECTOR = YES;
				GCC_WARN_UNINITIALIZED_AUTOS = YES_AGGRESSIVE;
				GCC_WARN_UNUSED_FUNCTION = YES;
				GCC_WARN_UNUSED_VARIABLE = YES;
				IPHONEOS_DEPLOYMENT_TARGET = 11.2;
				MTL_ENABLE_DEBUG_INFO = NO;
				SDKROOT = iphoneos;
				SWIFT_OPTIMIZATION_LEVEL = "-Owholemodule";
				VALIDATE_PRODUCT = YES;
			};
			name = Release;
		};
		632A7656201812AE001F610A /* Debug */ = {
			isa = XCBuildConfiguration;
			buildSettings = {
				ASSETCATALOG_COMPILER_APPICON_NAME = AppIcon;
				CODE_SIGN_STYLE = Automatic;
				DEVELOPMENT_TEAM = C9EH799Z8U;
				INFOPLIST_FILE = SuperSpaceMan/Info.plist;
				LD_RUNPATH_SEARCH_PATHS = "$(inherited) @executable_path/Frameworks";
				PRODUCT_BUNDLE_IDENTIFIER = com.promos.SuperSpaceMan;
				PRODUCT_NAME = "$(TARGET_NAME)";
				SWIFT_VERSION = 4.0;
				TARGETED_DEVICE_FAMILY = "1,2";
			};
			name = Debug;
		};
		632A7657201812AE001F610A /* Release */ = {
			isa = XCBuildConfiguration;
			buildSettings = {
				ASSETCATALOG_COMPILER_APPICON_NAME = AppIcon;
				CODE_SIGN_STYLE = Automatic;
				DEVELOPMENT_TEAM = C9EH799Z8U;
				INFOPLIST_FILE = SuperSpaceMan/Info.plist;
				LD_RUNPATH_SEARCH_PATHS = "$(inherited) @executable_path/Frameworks";
				PRODUCT_BUNDLE_IDENTIFIER = com.promos.SuperSpaceMan;
				PRODUCT_NAME = "$(TARGET_NAME)";
				SWIFT_VERSION = 4.0;
				TARGETED_DEVICE_FAMILY = "1,2";
			};
			name = Release;
		};
		632A7659201812AE001F610A /* Debug */ = {
			isa = XCBuildConfiguration;
			buildSettings = {
				ALWAYS_EMBED_SWIFT_STANDARD_LIBRARIES = YES;
				BUNDLE_LOADER = "$(TEST_HOST)";
				CODE_SIGN_STYLE = Automatic;
				DEVELOPMENT_TEAM = C9EH799Z8U;
				INFOPLIST_FILE = SuperSpaceManTests/Info.plist;
				LD_RUNPATH_SEARCH_PATHS = "$(inherited) @executable_path/Frameworks @loader_path/Frameworks";
				PRODUCT_BUNDLE_IDENTIFIER = com.promos.SuperSpaceManTests;
				PRODUCT_NAME = "$(TARGET_NAME)";
				SWIFT_VERSION = 4.0;
				TARGETED_DEVICE_FAMILY = "1,2";
				TEST_HOST = "$(BUILT_PRODUCTS_DIR)/SuperSpaceMan.app/SuperSpaceMan";
			};
			name = Debug;
		};
		632A765A201812AE001F610A /* Release */ = {
			isa = XCBuildConfiguration;
			buildSettings = {
				ALWAYS_EMBED_SWIFT_STANDARD_LIBRARIES = YES;
				BUNDLE_LOADER = "$(TEST_HOST)";
				CODE_SIGN_STYLE = Automatic;
				DEVELOPMENT_TEAM = C9EH799Z8U;
				INFOPLIST_FILE = SuperSpaceManTests/Info.plist;
				LD_RUNPATH_SEARCH_PATHS = "$(inherited) @executable_path/Frameworks @loader_path/Frameworks";
				PRODUCT_BUNDLE_IDENTIFIER = com.promos.SuperSpaceManTests;
				PRODUCT_NAME = "$(TARGET_NAME)";
				SWIFT_VERSION = 4.0;
				TARGETED_DEVICE_FAMILY = "1,2";
				TEST_HOST = "$(BUILT_PRODUCTS_DIR)/SuperSpaceMan.app/SuperSpaceMan";
			};
			name = Release;
		};
		632A765C201812AE001F610A /* Debug */ = {
			isa = XCBuildConfiguration;
			buildSettings = {
				ALWAYS_EMBED_SWIFT_STANDARD_LIBRARIES = YES;
				CODE_SIGN_STYLE = Automatic;
				DEVELOPMENT_TEAM = C9EH799Z8U;
				INFOPLIST_FILE = SuperSpaceManUITests/Info.plist;
				LD_RUNPATH_SEARCH_PATHS = "$(inherited) @executable_path/Frameworks @loader_path/Frameworks";
				PRODUCT_BUNDLE_IDENTIFIER = com.promos.SuperSpaceManUITests;
				PRODUCT_NAME = "$(TARGET_NAME)";
				SWIFT_VERSION = 4.0;
				TARGETED_DEVICE_FAMILY = "1,2";
				TEST_TARGET_NAME = SuperSpaceMan;
			};
			name = Debug;
		};
		632A765D201812AE001F610A /* Release */ = {
			isa = XCBuildConfiguration;
			buildSettings = {
				ALWAYS_EMBED_SWIFT_STANDARD_LIBRARIES = YES;
				CODE_SIGN_STYLE = Automatic;
				DEVELOPMENT_TEAM = C9EH799Z8U;
				INFOPLIST_FILE = SuperSpaceManUITests/Info.plist;
				LD_RUNPATH_SEARCH_PATHS = "$(inherited) @executable_path/Frameworks @loader_path/Frameworks";
				PRODUCT_BUNDLE_IDENTIFIER = com.promos.SuperSpaceManUITests;
				PRODUCT_NAME = "$(TARGET_NAME)";
				SWIFT_VERSION = 4.0;
				TARGETED_DEVICE_FAMILY = "1,2";
				TEST_TARGET_NAME = SuperSpaceMan;
			};
			name = Release;
		};
/* End XCBuildConfiguration section */

/* Begin XCConfigurationList section */
		632A7622201812AE001F610A /* Build configuration list for PBXProject "SuperSpaceMan" */ = {
			isa = XCConfigurationList;
			buildConfigurations = (
				632A7653201812AE001F610A /* Debug */,
				632A7654201812AE001F610A /* Release */,
			);
			defaultConfigurationIsVisible = 0;
			defaultConfigurationName = Release;
		};
		632A7655201812AE001F610A /* Build configuration list for PBXNativeTarget "SuperSpaceMan" */ = {
			isa = XCConfigurationList;
			buildConfigurations = (
				632A7656201812AE001F610A /* Debug */,
				632A7657201812AE001F610A /* Release */,
			);
			defaultConfigurationIsVisible = 0;
			defaultConfigurationName = Release;
		};
		632A7658201812AE001F610A /* Build configuration list for PBXNativeTarget "SuperSpaceManTests" */ = {
			isa = XCConfigurationList;
			buildConfigurations = (
				632A7659201812AE001F610A /* Debug */,
				632A765A201812AE001F610A /* Release */,
			);
			defaultConfigurationIsVisible = 0;
			defaultConfigurationName = Release;
		};
		632A765B201812AE001F610A /* Build configuration list for PBXNativeTarget "SuperSpaceManUITests" */ = {
			isa = XCConfigurationList;
			buildConfigurations = (
				632A765C201812AE001F610A /* Debug */,
				632A765D201812AE001F610A /* Release */,
			);
			defaultConfigurationIsVisible = 0;
			defaultConfigurationName = Release;
		};
/* End XCConfigurationList section */
	};
	rootObject = 632A761F201812AE001F610A /* Project object */;
}
